
Microsoft Visual Studio Solution File, Format Version 12.00
# Visual Studio 2012
Project("{FAE04EC0-301F-11D3-BF4B-00C04F79EFBC}") = "SuperAdventure", "SuperAdventure\SuperAdventure.csproj", "{C7C5FF40-9BE0-4509-948E-B57984E159B0}"
EndProject
Project("{FAE04EC0-301F-11D3-BF4B-00C04F79EFBC}") = "Engine", "Engine\Engine.csproj", "{1CD80852-FEED-485B-95FC-64D4F7B4FEE7}"
EndProject
Global
	GlobalSection(SolutionConfigurationPlatforms) = preSolution
		Debug|Any CPU = Debug|Any CPU
		Release|Any CPU = Release|Any CPU
	EndGlobalSection
	GlobalSection(ProjectConfigurationPlatforms) = postSolution
		{C7C5FF40-9BE0-4509-948E-B57984E159B0}.Debug|Any CPU.ActiveCfg = Debug|Any CPU
		{C7C5FF40-9BE0-4509-948E-B57984E159B0}.Debug|Any CPU.Build.0 = Debug|Any CPU
		{C7C5FF40-9BE0-4509-948E-B57984E159B0}.Release|Any CPU.ActiveCfg = Release|Any CPU
		{C7C5FF40-9BE0-4509-948E-B57984E159B0}.Release|Any CPU.Build.0 = Release|Any CPU
		{1CD80852-FEED-485B-95FC-64D4F7B4FEE7}.Debug|Any CPU.ActiveCfg = Debug|Any CPU
		{1CD80852-FEED-485B-95FC-64D4F7B4FEE7}.Debug|Any CPU.Build.0 = Debug|Any CPU
		{1CD80852-FEED-485B-95FC-64D4F7B4FEE7}.Release|Any CPU.ActiveCfg = Release|Any CPU
		{1CD80852-FEED-485B-95FC-64D4F7B4FEE7}.Release|Any CPU.Build.0 = Release|Any CPU
	EndGlobalSection
	GlobalSection(SolutionProperties) = preSolution
		HideSolutionNode = FALSE
	EndGlobalSection
EndGlobal
